// !$*UTF8*$!
{
	archiveVersion = 1;
	classes = {
	};
	objectVersion = 77;
	objects = {

/* Begin PBXContainerItemProxy section */
		B4B5970B2DB10B7F0079DACB /* PBXContainerItemProxy */ = {
			isa = PBXContainerItemProxy;
			containerPortal = B4B596F52DB10B7C0079DACB /* Project object */;
			proxyType = 1;
			remoteGlobalIDString = B4B596FC2DB10B7C0079DACB;
			remoteInfo = appIntentTestTimeline;
		};
		B4B597152DB10B7F0079DACB /* PBXContainerItemProxy */ = {
			isa = PBXContainerItemProxy;
			containerPortal = B4B596F52DB10B7C0079DACB /* Project object */;
			proxyType = 1;
			remoteGlobalIDString = B4B596FC2DB10B7C0079DACB;
			remoteInfo = appIntentTestTimeline;
		};
/* End PBXContainerItemProxy section */

/* Begin PBXFileReference section */
		B4B596FD2DB10B7C0079DACB /* appIntentTestTimeline.app */ = {isa = PBXFileReference; explicitFileType = wrapper.application; includeInIndex = 0; path = appIntentTestTimeline.app; sourceTree = BUILT_PRODUCTS_DIR; };
		B4B5970A2DB10B7F0079DACB /* appIntentTestTimelineTests.xctest */ = {isa = PBXFileReference; explicitFileType = wrapper.cfbundle; includeInIndex = 0; path = appIntentTestTimelineTests.xctest; sourceTree = BUILT_PRODUCTS_DIR; };
		B4B597142DB10B7F0079DACB /* appIntentTestTimelineUITests.xctest */ = {isa = PBXFileReference; explicitFileType = wrapper.cfbundle; includeInIndex = 0; path = appIntentTestTimelineUITests.xctest; sourceTree = BUILT_PRODUCTS_DIR; };
/* End PBXFileReference section */

/* Begin PBXFileSystemSynchronizedRootGroup section */
		B4B596FF2DB10B7C0079DACB /* appIntentTestTimeline */ = {
			isa = PBXFileSystemSynchronizedRootGroup;
			path = appIntentTestTimeline;
			sourceTree = "<group>";
		};
		B4B5970D2DB10B7F0079DACB /* appIntentTestTimelineTests */ = {
			isa = PBXFileSystemSynchronizedRootGroup;
			path = appIntentTestTimelineTests;
			sourceTree = "<group>";
		};
		B4B597172DB10B7F0079DACB /* appIntentTestTimelineUITests */ = {
			isa = PBXFileSystemSynchronizedRootGroup;
			path = appIntentTestTimelineUITests;
			sourceTree = "<group>";
		};
/* End PBXFileSystemSynchronizedRootGroup section */

/* Begin PBXFrameworksBuildPhase section */
		B4B596FA2DB10B7C0079DACB /* Frameworks */ = {
			isa = PBXFrameworksBuildPhase;
			buildActionMask = 2147483647;
			files = (
			);
			runOnlyForDeploymentPostprocessing = 0;
		};
		B4B597072DB10B7F0079DACB /* Frameworks */ = {
			isa = PBXFrameworksBuildPhase;
			buildActionMask = 2147483647;
			files = (
			);
			runOnlyForDeploymentPostprocessing = 0;
		};
		B4B597112DB10B7F0079DACB /* Frameworks */ = {
			isa = PBXFrameworksBuildPhase;
			buildActionMask = 2147483647;
			files = (
			);
			runOnlyForDeploymentPostprocessing = 0;
		};
/* End PBXFrameworksBuildPhase section */

/* Begin PBXGroup section */
		B4B596F42DB10B7C0079DACB = {
			isa = PBXGroup;
			children = (
				B4B596FF2DB10B7C0079DACB /* appIntentTestTimeline */,
				B4B5970D2DB10B7F0079DACB /* appIntentTestTimelineTests */,
				B4B597172DB10B7F0079DACB /* appIntentTestTimelineUITests */,
				B4B596FE2DB10B7C0079DACB /* Products */,
			);
			sourceTree = "<group>";
		};
		B4B596FE2DB10B7C0079DACB /* Products */ = {
			isa = PBXGroup;
			children = (
				B4B596FD2DB10B7C0079DACB /* appIntentTestTimeline.app */,
				B4B5970A2DB10B7F0079DACB /* appIntentTestTimelineTests.xctest */,
				B4B597142DB10B7F0079DACB /* appIntentTestTimelineUITests.xctest */,
			);
			name = Products;
			sourceTree = "<group>";
		};
/* End PBXGroup section */

/* Begin PBXNativeTarget section */
		B4B596FC2DB10B7C0079DACB /* appIntentTestTimeline */ = {
			isa = PBXNativeTarget;
			buildConfigurationList = B4B5971E2DB10B7F0079DACB /* Build configuration list for PBXNativeTarget "appIntentTestTimeline" */;
			buildPhases = (
				B4B596F92DB10B7C0079DACB /* Sources */,
				B4B596FA2DB10B7C0079DACB /* Frameworks */,
				B4B596FB2DB10B7C0079DACB /* Resources */,
			);
			buildRules = (
			);
			dependencies = (
			);
			fileSystemSynchronizedGroups = (
				B4B596FF2DB10B7C0079DACB /* appIntentTestTimeline */,
			);
			name = appIntentTestTimeline;
			packageProductDependencies = (
			);
			productName = appIntentTestTimeline;
			productReference = B4B596FD2DB10B7C0079DACB /* appIntentTestTimeline.app */;
			productType = "com.apple.product-type.application";
		};
		B4B597092DB10B7F0079DACB /* appIntentTestTimelineTests */ = {
			isa = PBXNativeTarget;
			buildConfigurationList = B4B597212DB10B7F0079DACB /* Build configuration list for PBXNativeTarget "appIntentTestTimelineTests" */;
			buildPhases = (
				B4B597062DB10B7F0079DACB /* Sources */,
				B4B597072DB10B7F0079DACB /* Frameworks */,
				B4B597082DB10B7F0079DACB /* Resources */,
			);
			buildRules = (
			);
			dependencies = (
				B4B5970C2DB10B7F0079DACB /* PBXTargetDependency */,
			);
			fileSystemSynchronizedGroups = (
				B4B5970D2DB10B7F0079DACB /* appIntentTestTimelineTests */,
			);
			name = appIntentTestTimelineTests;
			packageProductDependencies = (
			);
			productName = appIntentTestTimelineTests;
			productReference = B4B5970A2DB10B7F0079DACB /* appIntentTestTimelineTests.xctest */;
			productType = "com.apple.product-type.bundle.unit-test";
		};
		B4B597132DB10B7F0079DACB /* appIntentTestTimelineUITests */ = {
			isa = PBXNativeTarget;
			buildConfigurationList = B4B597242DB10B7F0079DACB /* Build configuration list for PBXNativeTarget "appIntentTestTimelineUITests" */;
			buildPhases = (
				B4B597102DB10B7F0079DACB /* Sources */,
				B4B597112DB10B7F0079DACB /* Frameworks */,
				B4B597122DB10B7F0079DACB /* Resources */,
			);
			buildRules = (
			);
			dependencies = (
				B4B597162DB10B7F0079DACB /* PBXTargetDependency */,
			);
			fileSystemSynchronizedGroups = (
				B4B597172DB10B7F0079DACB /* appIntentTestTimelineUITests */,
			);
			name = appIntentTestTimelineUITests;
			packageProductDependencies = (
			);
			productName = appIntentTestTimelineUITests;
			productReference = B4B597142DB10B7F0079DACB /* appIntentTestTimelineUITests.xctest */;
			productType = "com.apple.product-type.bundle.ui-testing";
		};
/* End PBXNativeTarget section */

/* Begin PBXProject section */
		B4B596F52DB10B7C0079DACB /* Project object */ = {
			isa = PBXProject;
			attributes = {
				BuildIndependentTargetsInParallel = 1;
				LastSwiftUpdateCheck = 1630;
				LastUpgradeCheck = 1630;
				TargetAttributes = {
					B4B596FC2DB10B7C0079DACB = {
						CreatedOnToolsVersion = 16.3;
					};
					B4B597092DB10B7F0079DACB = {
						CreatedOnToolsVersion = 16.3;
						TestTargetID = B4B596FC2DB10B7C0079DACB;
					};
					B4B597132DB10B7F0079DACB = {
						CreatedOnToolsVersion = 16.3;
						TestTargetID = B4B596FC2DB10B7C0079DACB;
					};
				};
			};
			buildConfigurationList = B4B596F82DB10B7C0079DACB /* Build configuration list for PBXProject "appIntentTestTimeline" */;
			developmentRegion = en;
			hasScannedForEncodings = 0;
			knownRegions = (
				en,
				Base,
			);
			mainGroup = B4B596F42DB10B7C0079DACB;
			minimizedProjectReferenceProxies = 1;
			preferredProjectObjectVersion = 77;
			productRefGroup = B4B596FE2DB10B7C0079DACB /* Products */;
			projectDirPath = "";
			projectRoot = "";
			targets = (
				B4B596FC2DB10B7C0079DACB /* appIntentTestTimeline */,
				B4B597092DB10B7F0079DACB /* appIntentTestTimelineTests */,
				B4B597132DB10B7F0079DACB /* appIntentTestTimelineUITests */,
			);
		};
/* End PBXProject section */

/* Begin PBXResourcesBuildPhase section */
		B4B596FB2DB10B7C0079DACB /* Resources */ = {
			isa = PBXResourcesBuildPhase;
			buildActionMask = 2147483647;
			files = (
			);
			runOnlyForDeploymentPostprocessing = 0;
		};
		B4B597082DB10B7F0079DACB /* Resources */ = {
			isa = PBXResourcesBuildPhase;
			buildActionMask = 2147483647;
			files = (
			);
			runOnlyForDeploymentPostprocessing = 0;
		};
		B4B597122DB10B7F0079DACB /* Resources */ = {
			isa = PBXResourcesBuildPhase;
			buildActionMask = 2147483647;
			files = (
			);
			runOnlyForDeploymentPostprocessing = 0;
		};
/* End PBXResourcesBuildPhase section */

/* Begin PBXSourcesBuildPhase section */
		B4B596F92DB10B7C0079DACB /* Sources */ = {
			isa = PBXSourcesBuildPhase;
			buildActionMask = 2147483647;
			files = (
			);
			runOnlyForDeploymentPostprocessing = 0;
		};
		B4B597062DB10B7F0079DACB /* Sources */ = {
			isa = PBXSourcesBuildPhase;
			buildActionMask = 2147483647;
			files = (
			);
			runOnlyForDeploymentPostprocessing = 0;
		};
		B4B597102DB10B7F0079DACB /* Sources */ = {
			isa = PBXSourcesBuildPhase;
			buildActionMask = 2147483647;
			files = (
			);
			runOnlyForDeploymentPostprocessing = 0;
		};
/* End PBXSourcesBuildPhase section */

/* Begin PBXTargetDependency section */
		B4B5970C2DB10B7F0079DACB /* PBXTargetDependency */ = {
			isa = PBXTargetDependency;
			target = B4B596FC2DB10B7C0079DACB /* appIntentTestTimeline */;
			targetProxy = B4B5970B2DB10B7F0079DACB /* PBXContainerItemProxy */;
		};
		B4B597162DB10B7F0079DACB /* PBXTargetDependency */ = {
			isa = PBXTargetDependency;
			target = B4B596FC2DB10B7C0079DACB /* appIntentTestTimeline */;
			targetProxy = B4B597152DB10B7F0079DACB /* PBXContainerItemProxy */;
		};
/* End PBXTargetDependency section */

/* Begin XCBuildConfiguration section */
		B4B5971C2DB10B7F0079DACB /* Debug */ = {
			isa = XCBuildConfiguration;
			buildSettings = {
				ALWAYS_SEARCH_USER_PATHS = NO;
				ASSETCATALOG_COMPILER_GENERATE_SWIFT_ASSET_SYMBOL_EXTENSIONS = YES;
				CLANG_ANALYZER_NONNULL = YES;
				CLANG_ANALYZER_NUMBER_OBJECT_CONVERSION = YES_AGGRESSIVE;
				CLANG_CXX_LANGUAGE_STANDARD = "gnu++20";
				CLANG_ENABLE_MODULES = YES;
				CLANG_ENABLE_OBJC_ARC = YES;
				CLANG_ENABLE_OBJC_WEAK = YES;
				CLANG_WARN_BLOCK_CAPTURE_AUTORELEASING = YES;
				CLANG_WARN_BOOL_CONVERSION = YES;
				CLANG_WARN_COMMA = YES;
				CLANG_WARN_CONSTANT_CONVERSION = YES;
				CLANG_WARN_DEPRECATED_OBJC_IMPLEMENTATIONS = YES;
				CLANG_WARN_DIRECT_OBJC_ISA_USAGE = YES_ERROR;
				CLANG_WARN_DOCUMENTATION_COMMENTS = YES;
				CLANG_WARN_EMPTY_BODY = YES;
				CLANG_WARN_ENUM_CONVERSION = YES;
				CLANG_WARN_INFINITE_RECURSION = YES;
				CLANG_WARN_INT_CONVERSION = YES;
				CLANG_WARN_NON_LITERAL_NULL_CONVERSION = YES;
				CLANG_WARN_OBJC_IMPLICIT_RETAIN_SELF = YES;
				CLANG_WARN_OBJC_LITERAL_CONVERSION = YES;
				CLANG_WARN_OBJC_ROOT_CLASS = YES_ERROR;
				CLANG_WARN_QUOTED_INCLUDE_IN_FRAMEWORK_HEADER = YES;
				CLANG_WARN_RANGE_LOOP_ANALYSIS = YES;
				CLANG_WARN_STRICT_PROTOTYPES = YES;
				CLANG_WARN_SUSPICIOUS_MOVE = YES;
				CLANG_WARN_UNGUARDED_AVAILABILITY = YES_AGGRESSIVE;
				CLANG_WARN_UNREACHABLE_CODE = YES;
				CLANG_WARN__DUPLICATE_METHOD_MATCH = YES;
				COPY_PHASE_STRIP = NO;
				DEBUG_INFORMATION_FORMAT = dwarf;
				DEVELOPMENT_TEAM = 8CG75P245R;
				ENABLE_STRICT_OBJC_MSGSEND = YES;
				ENABLE_TESTABILITY = YES;
				ENABLE_USER_SCRIPT_SANDBOXING = YES;
				GCC_C_LANGUAGE_STANDARD = gnu17;
				GCC_DYNAMIC_NO_PIC = NO;
				GCC_NO_COMMON_BLOCKS = YES;
				GCC_OPTIMIZATION_LEVEL = 0;
				GCC_PREPROCESSOR_DEFINITIONS = (
					"DEBUG=1",
					"$(inherited)",
				);
				GCC_WARN_64_TO_32_BIT_CONVERSION = YES;
				GCC_WARN_ABOUT_RETURN_TYPE = YES_ERROR;
				GCC_WARN_UNDECLARED_SELECTOR = YES;
				GCC_WARN_UNINITIALIZED_AUTOS = YES_AGGRESSIVE;
				GCC_WARN_UNUSED_FUNCTION = YES;
				GCC_WARN_UNUSED_VARIABLE = YES;
				IPHONEOS_DEPLOYMENT_TARGET = 18.4;
				LOCALIZATION_PREFERS_STRING_CATALOGS = YES;
				MTL_ENABLE_DEBUG_INFO = INCLUDE_SOURCE;
				MTL_FAST_MATH = YES;
				ONLY_ACTIVE_ARCH = YES;
				SDKROOT = iphoneos;
				SWIFT_ACTIVE_COMPILATION_CONDITIONS = "DEBUG $(inherited)";
				SWIFT_OPTIMIZATION_LEVEL = "-Onone";
			};
			name = Debug;
		};
		B4B5971D2DB10B7F0079DACB /* Release */ = {
			isa = XCBuildConfiguration;
			buildSettings = {
				ALWAYS_SEARCH_USER_PATHS = NO;
				ASSETCATALOG_COMPILER_GENERATE_SWIFT_ASSET_SYMBOL_EXTENSIONS = YES;
				CLANG_ANALYZER_NONNULL = YES;
				CLANG_ANALYZER_NUMBER_OBJECT_CONVERSION = YES_AGGRESSIVE;
				CLANG_CXX_LANGUAGE_STANDARD = "gnu++20";
				CLANG_ENABLE_MODULES = YES;
				CLANG_ENABLE_OBJC_ARC = YES;
				CLANG_ENABLE_OBJC_WEAK = YES;
				CLANG_WARN_BLOCK_CAPTURE_AUTORELEASING = YES;
				CLANG_WARN_BOOL_CONVERSION = YES;
				CLANG_WARN_COMMA = YES;
				CLANG_WARN_CONSTANT_CONVERSION = YES;
				CLANG_WARN_DEPRECATED_OBJC_IMPLEMENTATIONS = YES;
				CLANG_WARN_DIRECT_OBJC_ISA_USAGE = YES_ERROR;
				CLANG_WARN_DOCUMENTATION_COMMENTS = YES;
				CLANG_WARN_EMPTY_BODY = YES;
				CLANG_WARN_ENUM_CONVERSION = YES;
				CLANG_WARN_INFINITE_RECURSION = YES;
				CLANG_WARN_INT_CONVERSION = YES;
				CLANG_WARN_NON_LITERAL_NULL_CONVERSION = YES;
				CLANG_WARN_OBJC_IMPLICIT_RETAIN_SELF = YES;
				CLANG_WARN_OBJC_LITERAL_CONVERSION = YES;
				CLANG_WARN_OBJC_ROOT_CLASS = YES_ERROR;
				CLANG_WARN_QUOTED_INCLUDE_IN_FRAMEWORK_HEADER = YES;
				CLANG_WARN_RANGE_LOOP_ANALYSIS = YES;
				CLANG_WARN_STRICT_PROTOTYPES = YES;
				CLANG_WARN_SUSPICIOUS_MOVE = YES;
				CLANG_WARN_UNGUARDED_AVAILABILITY = YES_AGGRESSIVE;
				CLANG_WARN_UNREACHABLE_CODE = YES;
				CLANG_WARN__DUPLICATE_METHOD_MATCH = YES;
				COPY_PHASE_STRIP = NO;
				DEBUG_INFORMATION_FORMAT = "dwarf-with-dsym";
				DEVELOPMENT_TEAM = 8CG75P245R;
				ENABLE_NS_ASSERTIONS = NO;
				ENABLE_STRICT_OBJC_MSGSEND = YES;
				ENABLE_USER_SCRIPT_SANDBOXING = YES;
				GCC_C_LANGUAGE_STANDARD = gnu17;
				GCC_NO_COMMON_BLOCKS = YES;
				GCC_WARN_64_TO_32_BIT_CONVERSION = YES;
				GCC_WARN_ABOUT_RETURN_TYPE = YES_ERROR;
				GCC_WARN_UNDECLARED_SELECTOR = YES;
				GCC_WARN_UNINITIALIZED_AUTOS = YES_AGGRESSIVE;
				GCC_WARN_UNUSED_FUNCTION = YES;
				GCC_WARN_UNUSED_VARIABLE = YES;
				IPHONEOS_DEPLOYMENT_TARGET = 18.4;
				LOCALIZATION_PREFERS_STRING_CATALOGS = YES;
				MTL_ENABLE_DEBUG_INFO = NO;
				MTL_FAST_MATH = YES;
				SDKROOT = iphoneos;
				SWIFT_COMPILATION_MODE = wholemodule;
				VALIDATE_PRODUCT = YES;
			};
			name = Release;
		};
		B4B5971F2DB10B7F0079DACB /* Debug */ = {
			isa = XCBuildConfiguration;
			buildSettings = {
				ASSETCATALOG_COMPILER_APPICON_NAME = AppIcon;
				ASSETCATALOG_COMPILER_GLOBAL_ACCENT_COLOR_NAME = AccentColor;
				CODE_SIGN_STYLE = Automatic;
				CURRENT_PROJECT_VERSION = 1;
				DEVELOPMENT_TEAM = 8CG75P245R;
				ENABLE_PREVIEWS = YES;
				GENERATE_INFOPLIST_FILE = YES;
				INFOPLIST_KEY_LSApplicationCategoryType = "public.app-category.utilities";
				INFOPLIST_KEY_UIApplicationSceneManifest_Generation = YES;
				INFOPLIST_KEY_UIApplicationSupportsIndirectInputEvents = YES;
				INFOPLIST_KEY_UILaunchScreen_Generation = YES;
				INFOPLIST_KEY_UISupportedInterfaceOrientations_iPad = "UIInterfaceOrientationPortrait UIInterfaceOrientationPortraitUpsideDown UIInterfaceOrientationLandscapeLeft UIInterfaceOrientationLandscapeRight";
				INFOPLIST_KEY_UISupportedInterfaceOrientations_iPhone = "UIInterfaceOrientationPortrait UIInterfaceOrientationLandscapeLeft UIInterfaceOrientationLandscapeRight";
				IPHONEOS_DEPLOYMENT_TARGET = 17.6;
				LD_RUNPATH_SEARCH_PATHS = (
					"$(inherited)",
					"@executable_path/Frameworks",
				);
				MARKETING_VERSION = 1.0;
				PRODUCT_BUNDLE_IDENTIFIER = LukeOS.appIntentTestTimeline;
				PRODUCT_NAME = "$(TARGET_NAME)";
				SWIFT_EMIT_LOC_STRINGS = YES;
				SWIFT_VERSION = 5.0;
				TARGETED_DEVICE_FAMILY = "1,2";
			};
			name = Debug;
		};
		B4B597202DB10B7F0079DACB /* Release */ = {
			isa = XCBuildConfiguration;
			buildSettings = {
				ASSETCATALOG_COMPILER_APPICON_NAME = AppIcon;
				ASSETCATALOG_COMPILER_GLOBAL_ACCENT_COLOR_NAME = AccentColor;
				CODE_SIGN_STYLE = Automatic;
				CURRENT_PROJECT_VERSION = 1;
				DEVELOPMENT_TEAM = 8CG75P245R;
				ENABLE_PREVIEWS = YES;
				GENERATE_INFOPLIST_FILE = YES;
				INFOPLIST_KEY_LSApplicationCategoryType = "public.app-category.utilities";
				INFOPLIST_KEY_UIApplicationSceneManifest_Generation = YES;
				INFOPLIST_KEY_UIApplicationSupportsIndirectInputEvents = YES;
				INFOPLIST_KEY_UILaunchScreen_Generation = YES;
				INFOPLIST_KEY_UISupportedInterfaceOrientations_iPad = "UIInterfaceOrientationPortrait UIInterfaceOrientationPortraitUpsideDown UIInterfaceOrientationLandscapeLeft UIInterfaceOrientationLandscapeRight";
				INFOPLIST_KEY_UISupportedInterfaceOrientations_iPhone = "UIInterfaceOrientationPortrait UIInterfaceOrientationLandscapeLeft UIInterfaceOrientationLandscapeRight";
				IPHONEOS_DEPLOYMENT_TARGET = 17.6;
				LD_RUNPATH_SEARCH_PATHS = (
					"$(inherited)",
					"@executable_path/Frameworks",
				);
				MARKETING_VERSION = 1.0;
				PRODUCT_BUNDLE_IDENTIFIER = LukeOS.appIntentTestTimeline;
				PRODUCT_NAME = "$(TARGET_NAME)";
				SWIFT_EMIT_LOC_STRINGS = YES;
				SWIFT_VERSION = 5.0;
				TARGETED_DEVICE_FAMILY = "1,2";
			};
			name = Release;
		};
		B4B597222DB10B7F0079DACB /* Debug */ = {
			isa = XCBuildConfiguration;
			buildSettings = {
				BUNDLE_LOADER = "$(TEST_HOST)";
				CODE_SIGN_STYLE = Automatic;
				CURRENT_PROJECT_VERSION = 1;
				DEVELOPMENT_TEAM = 8CG75P245R;
				GENERATE_INFOPLIST_FILE = YES;
				IPHONEOS_DEPLOYMENT_TARGET = 18.4;
				MARKETING_VERSION = 1.0;
				PRODUCT_BUNDLE_IDENTIFIER = LukeOS.appIntentTestTimelineTests;
				PRODUCT_NAME = "$(TARGET_NAME)";
				SWIFT_EMIT_LOC_STRINGS = NO;
				SWIFT_VERSION = 5.0;
				TARGETED_DEVICE_FAMILY = "1,2";
				TEST_HOST = "$(BUILT_PRODUCTS_DIR)/appIntentTestTimeline.app/$(BUNDLE_EXECUTABLE_FOLDER_PATH)/appIntentTestTimeline";
			};
			name = Debug;
		};
		B4B597232DB10B7F0079DACB /* Release */ = {
			isa = XCBuildConfiguration;
			buildSettings = {
				BUNDLE_LOADER = "$(TEST_HOST)";
				CODE_SIGN_STYLE = Automatic;
				CURRENT_PROJECT_VERSION = 1;
				DEVELOPMENT_TEAM = 8CG75P245R;
				GENERATE_INFOPLIST_FILE = YES;
				IPHONEOS_DEPLOYMENT_TARGET = 18.4;
				MARKETING_VERSION = 1.0;
				PRODUCT_BUNDLE_IDENTIFIER = LukeOS.appIntentTestTimelineTests;
				PRODUCT_NAME = "$(TARGET_NAME)";
				SWIFT_EMIT_LOC_STRINGS = NO;
				SWIFT_VERSION = 5.0;
				TARGETED_DEVICE_FAMILY = "1,2";
				TEST_HOST = "$(BUILT_PRODUCTS_DIR)/appIntentTestTimeline.app/$(BUNDLE_EXECUTABLE_FOLDER_PATH)/appIntentTestTimeline";
			};
			name = Release;
		};
		B4B597252DB10B7F0079DACB /* Debug */ = {
			isa = XCBuildConfiguration;
			buildSettings = {
				CODE_SIGN_STYLE = Automatic;
				CURRENT_PROJECT_VERSION = 1;
				DEVELOPMENT_TEAM = 8CG75P245R;
				GENERATE_INFOPLIST_FILE = YES;
				MARKETING_VERSION = 1.0;
				PRODUCT_BUNDLE_IDENTIFIER = LukeOS.appIntentTestTimelineUITests;
				PRODUCT_NAME = "$(TARGET_NAME)";
				SWIFT_EMIT_LOC_STRINGS = NO;
				SWIFT_VERSION = 5.0;
				TARGETED_DEVICE_FAMILY = "1,2";
				TEST_TARGET_NAME = appIntentTestTimeline;
			};
			name = Debug;
		};
		B4B597262DB10B7F0079DACB /* Release */ = {
			isa = XCBuildConfiguration;
			buildSettings = {
				CODE_SIGN_STYLE = Automatic;
				CURRENT_PROJECT_VERSION = 1;
				DEVELOPMENT_TEAM = 8CG75P245R;
				GENERATE_INFOPLIST_FILE = YES;
				MARKETING_VERSION = 1.0;
				PRODUCT_BUNDLE_IDENTIFIER = LukeOS.appIntentTestTimelineUITests;
				PRODUCT_NAME = "$(TARGET_NAME)";
				SWIFT_EMIT_LOC_STRINGS = NO;
				SWIFT_VERSION = 5.0;
				TARGETED_DEVICE_FAMILY = "1,2";
				TEST_TARGET_NAME = appIntentTestTimeline;
			};
			name = Release;
		};
/* End XCBuildConfiguration section */

/* Begin XCConfigurationList section */
		B4B596F82DB10B7C0079DACB /* Build configuration list for PBXProject "appIntentTestTimeline" */ = {
			isa = XCConfigurationList;
			buildConfigurations = (
				B4B5971C2DB10B7F0079DACB /* Debug */,
				B4B5971D2DB10B7F0079DACB /* Release */,
			);
			defaultConfigurationIsVisible = 0;
			defaultConfigurationName = Release;
		};
		B4B5971E2DB10B7F0079DACB /* Build configuration list for PBXNativeTarget "appIntentTestTimeline" */ = {
			isa = XCConfigurationList;
			buildConfigurations = (
				B4B5971F2DB10B7F0079DACB /* Debug */,
				B4B597202DB10B7F0079DACB /* Release */,
			);
			defaultConfigurationIsVisible = 0;
			defaultConfigurationName = Release;
		};
		B4B597212DB10B7F0079DACB /* Build configuration list for PBXNativeTarget "appIntentTestTimelineTests" */ = {
			isa = XCConfigurationList;
			buildConfigurations = (
				B4B597222DB10B7F0079DACB /* Debug */,
				B4B597232DB10B7F0079DACB /* Release */,
			);
			defaultConfigurationIsVisible = 0;
			defaultConfigurationName = Release;
		};
		B4B597242DB10B7F0079DACB /* Build configuration list for PBXNativeTarget "appIntentTestTimelineUITests" */ = {
			isa = XCConfigurationList;
			buildConfigurations = (
				B4B597252DB10B7F0079DACB /* Debug */,
				B4B597262DB10B7F0079DACB /* Release */,
			);
			defaultConfigurationIsVisible = 0;
			defaultConfigurationName = Release;
		};
/* End XCConfigurationList section */
	};
	rootObject = B4B596F52DB10B7C0079DACB /* Project object */;
}
